
Microsoft Visual Studio Solution File, Format Version 12.00
# Visual Studio 14
VisualStudioVersion = 14.0.24720.0
MinimumVisualStudioVersion = 10.0.40219.1
Project("{FAE04EC0-301F-11D3-BF4B-00C04F79EFBC}") = "Frevent.Model", "Frevent.Model\Frevent.Model.csproj", "{6251E10F-FCF7-48C9-899D-70CFF1FB5BF6}"
EndProject
Project("{FAE04EC0-301F-11D3-BF4B-00C04F79EFBC}") = "Frevent.Data", "Frevent.Data\Frevent.Data.csproj", "{B96A50E5-D8A7-4368-A780-924D71696E4D}"
EndProject
Project("{FAE04EC0-301F-11D3-BF4B-00C04F79EFBC}") = "Frevent.Service", "Frevent.Service\Frevent.Service.csproj", "{4AC1DD30-981D-46D9-B5BF-77BF0A90ED84}"
EndProject
Project("{FAE04EC0-301F-11D3-BF4B-00C04F79EFBC}") = "Frevent.Web", "Frevent.Web\Frevent.Web.csproj", "{446A69BE-0FCC-4428-BDB5-92966CEF7CF3}"
EndProject
Global
	GlobalSection(SolutionConfigurationPlatforms) = preSolution
		Debug|Any CPU = Debug|Any CPU
		Release|Any CPU = Release|Any CPU
	EndGlobalSection
	GlobalSection(ProjectConfigurationPlatforms) = postSolution
		{6251E10F-FCF7-48C9-899D-70CFF1FB5BF6}.Debug|Any CPU.ActiveCfg = Debug|Any CPU
		{6251E10F-FCF7-48C9-899D-70CFF1FB5BF6}.Debug|Any CPU.Build.0 = Debug|Any CPU
		{6251E10F-FCF7-48C9-899D-70CFF1FB5BF6}.Release|Any CPU.ActiveCfg = Release|Any CPU
		{6251E10F-FCF7-48C9-899D-70CFF1FB5BF6}.Release|Any CPU.Build.0 = Release|Any CPU
		{B96A50E5-D8A7-4368-A780-924D71696E4D}.Debug|Any CPU.ActiveCfg = Debug|Any CPU
		{B96A50E5-D8A7-4368-A780-924D71696E4D}.Debug|Any CPU.Build.0 = Debug|Any CPU
		{B96A50E5-D8A7-4368-A780-924D71696E4D}.Release|Any CPU.ActiveCfg = Release|Any CPU
		{B96A50E5-D8A7-4368-A780-924D71696E4D}.Release|Any CPU.Build.0 = Release|Any CPU
		{4AC1DD30-981D-46D9-B5BF-77BF0A90ED84}.Debug|Any CPU.ActiveCfg = Debug|Any CPU
		{4AC1DD30-981D-46D9-B5BF-77BF0A90ED84}.Debug|Any CPU.Build.0 = Debug|Any CPU
		{4AC1DD30-981D-46D9-B5BF-77BF0A90ED84}.Release|Any CPU.ActiveCfg = Release|Any CPU
		{4AC1DD30-981D-46D9-B5BF-77BF0A90ED84}.Release|Any CPU.Build.0 = Release|Any CPU
		{446A69BE-0FCC-4428-BDB5-92966CEF7CF3}.Debug|Any CPU.ActiveCfg = Debug|Any CPU
		{446A69BE-0FCC-4428-BDB5-92966CEF7CF3}.Debug|Any CPU.Build.0 = Debug|Any CPU
		{446A69BE-0FCC-4428-BDB5-92966CEF7CF3}.Release|Any CPU.ActiveCfg = Release|Any CPU
		{446A69BE-0FCC-4428-BDB5-92966CEF7CF3}.Release|Any CPU.Build.0 = Release|Any CPU
	EndGlobalSection
	GlobalSection(SolutionProperties) = preSolution
		HideSolutionNode = FALSE
	EndGlobalSection
EndGlobal
